
Microsoft Visual Studio Solution File, Format Version 12.00
# Visual Studio Version 17
VisualStudioVersion = 17.4.33103.184
MinimumVisualStudioVersion = 10.0.40219.1
Project("{FAE04EC0-301F-11D3-BF4B-00C04F79EFBC}") = "carwash", "carwash\carwash.csproj", "{B6084EDF-0BAC-4D7D-8AA8-C61CACA269CE}"
EndProject
Global
	GlobalSection(SolutionConfigurationPlatforms) = preSolution
		Debug|Any CPU = Debug|Any CPU
		Release|Any CPU = Release|Any CPU
	EndGlobalSection
	GlobalSection(ProjectConfigurationPlatforms) = postSolution
		{B6084EDF-0BAC-4D7D-8AA8-C61CACA269CE}.Debug|Any CPU.ActiveCfg = Debug|Any CPU
		{B6084EDF-0BAC-4D7D-8AA8-C61CACA269CE}.Debug|Any CPU.Build.0 = Debug|Any CPU
		{B6084EDF-0BAC-4D7D-8AA8-C61CACA269CE}.Release|Any CPU.ActiveCfg = Release|Any CPU
		{B6084EDF-0BAC-4D7D-8AA8-C61CACA269CE}.Release|Any CPU.Build.0 = Release|Any CPU
	EndGlobalSection
	GlobalSection(SolutionProperties) = preSolution
		HideSolutionNode = FALSE
	EndGlobalSection
	GlobalSection(ExtensibilityGlobals) = postSolution
		SolutionGuid = {47852322-486C-4A28-A045-C8C124D3E652}
	EndGlobalSection
EndGlobal
